{
  "name": "@hanspet/net",
  "version": "1.0.0",
  "lockfileVersion": 2,
  "requires": true,
  "packages": {
    "": {
      "name": "@hanspet/net",
      "version": "1.0.0",
      "license": "ISC",
      "dependencies": {
        "@hanspet/js-api": "^1.0.1"
      }
    },
    "node_modules/@hanspet/js-api": {
      "version": "1.0.1",
      "resolved": "https://registry.npmjs.org/@hanspet/js-api/-/js-api-1.0.1.tgz",
      "integrity": "sha512-4nx5MybkGVggOftMKrZ3OZtstjf7UmaKqrve+qVWEOs5l9gJtlkzEGtkCdvmJ+pSYGcx395J6WeBD+t7CEnGGw=="
    }
  },
  "dependencies": {
    "@hanspet/js-api": {
      "version": "1.0.1",
      "resolved": "https://registry.npmjs.org/@hanspet/js-api/-/js-api-1.0.1.tgz",
      "integrity": "sha512-4nx5MybkGVggOftMKrZ3OZtstjf7UmaKqrve+qVWEOs5l9gJtlkzEGtkCdvmJ+pSYGcx395J6WeBD+t7CEnGGw=="
    }
  }
}
